// !$*UTF8*$!
{
	archiveVersion = 1;
	classes = {
	};
	objectVersion = 56;
	objects = {

/* Begin PBXBuildFile section */
		55EC731E0EC93C268BD50344 /* Pods_GidTag.framework in Frameworks */ = {isa = PBXBuildFile; fileRef = 747478A1896A7D47C32F47C8 /* Pods_GidTag.framework */; };
		C96ED0E82BB40945000B8582 /* AppDelegate.swift in Sources */ = {isa = PBXBuildFile; fileRef = C96ED0E72BB40945000B8582 /* AppDelegate.swift */; };
		C96ED0EA2BB40945000B8582 /* SceneDelegate.swift in Sources */ = {isa = PBXBuildFile; fileRef = C96ED0E92BB40945000B8582 /* SceneDelegate.swift */; };
		C96ED0EF2BB40945000B8582 /* Main.storyboard in Resources */ = {isa = PBXBuildFile; fileRef = C96ED0ED2BB40945000B8582 /* Main.storyboard */; };
		C96ED0F12BB40946000B8582 /* Assets.xcassets in Resources */ = {isa = PBXBuildFile; fileRef = C96ED0F02BB40946000B8582 /* Assets.xcassets */; };
		C96ED0F42BB40946000B8582 /* LaunchScreen.storyboard in Resources */ = {isa = PBXBuildFile; fileRef = C96ED0F22BB40946000B8582 /* LaunchScreen.storyboard */; };
		C96ED0FC2BB40A07000B8582 /* tag.json in Resources */ = {isa = PBXBuildFile; fileRef = C96ED0FB2BB40A07000B8582 /* tag.json */; };
		C96ED0FE2BB510EA000B8582 /* HomeVC.swift in Sources */ = {isa = PBXBuildFile; fileRef = C96ED0FD2BB510EA000B8582 /* HomeVC.swift */; };
		C9D749E32BB539550021F39F /* StoreVC.swift in Sources */ = {isa = PBXBuildFile; fileRef = C9D749E22BB539550021F39F /* StoreVC.swift */; };
		C9D749E52BB539660021F39F /* EditVC.swift in Sources */ = {isa = PBXBuildFile; fileRef = C9D749E42BB539660021F39F /* EditVC.swift */; };
		C9D749E72BB539790021F39F /* HotTagVC.swift in Sources */ = {isa = PBXBuildFile; fileRef = C9D749E62BB539790021F39F /* HotTagVC.swift */; };
		C9D749E92BB544F00021F39F /* GridModel.swift in Sources */ = {isa = PBXBuildFile; fileRef = C9D749E82BB544F00021F39F /* GridModel.swift */; };
		C9D749EB2BB5450C0021F39F /* Constant.swift in Sources */ = {isa = PBXBuildFile; fileRef = C9D749EA2BB5450C0021F39F /* Constant.swift */; };
		C9D749ED2BB556580021F39F /* EditVC-UI.swift in Sources */ = {isa = PBXBuildFile; fileRef = C9D749EC2BB556580021F39F /* EditVC-UI.swift */; };
		C9D749EF2BB562BD0021F39F /* GTGridCell.swift in Sources */ = {isa = PBXBuildFile; fileRef = C9D749EE2BB562BC0021F39F /* GTGridCell.swift */; };
		C9D749F12BB5647D0021F39F /* EditVC-Func.swift in Sources */ = {isa = PBXBuildFile; fileRef = C9D749F02BB5647D0021F39F /* EditVC-Func.swift */; };
		C9D749F32BB564F30021F39F /* GTGridCollectionView.swift in Sources */ = {isa = PBXBuildFile; fileRef = C9D749F22BB564F30021F39F /* GTGridCollectionView.swift */; };
		C9D749F82BB64F210021F39F /* Ex+UIColor.swift in Sources */ = {isa = PBXBuildFile; fileRef = C9D749F72BB64F210021F39F /* Ex+UIColor.swift */; };
		C9D749FA2BB659A40021F39F /* Ex+UIImageView.swift in Sources */ = {isa = PBXBuildFile; fileRef = C9D749F92BB659A40021F39F /* Ex+UIImageView.swift */; };
		C9D749FC2BB666180021F39F /* Ex+UIImage.swift in Sources */ = {isa = PBXBuildFile; fileRef = C9D749FB2BB666180021F39F /* Ex+UIImage.swift */; };
		C9D749FE2BB686CC0021F39F /* GTEditView.swift in Sources */ = {isa = PBXBuildFile; fileRef = C9D749FD2BB686CC0021F39F /* GTEditView.swift */; };
		C9D74A012BB6B43A0021F39F /* EditManager.swift in Sources */ = {isa = PBXBuildFile; fileRef = C9D74A002BB6B43A0021F39F /* EditManager.swift */; };
		C9D74A032BB6B9F40021F39F /* GTFilterView.swift in Sources */ = {isa = PBXBuildFile; fileRef = C9D74A022BB6B9F40021F39F /* GTFilterView.swift */; };
		C9D74A052BB6BC790021F39F /* GTSelectableCell.swift in Sources */ = {isa = PBXBuildFile; fileRef = C9D74A042BB6BC790021F39F /* GTSelectableCell.swift */; };
		C9D74A072BBA41DC0021F39F /* GTTextView.swift in Sources */ = {isa = PBXBuildFile; fileRef = C9D74A062BBA41DC0021F39F /* GTTextView.swift */; };
		C9D74A092BBA42840021F39F /* GTFontCollectionView.swift in Sources */ = {isa = PBXBuildFile; fileRef = C9D74A082BBA42840021F39F /* GTFontCollectionView.swift */; };
		C9D74A0B2BBA42F80021F39F /* GTColorCollectionView.swift in Sources */ = {isa = PBXBuildFile; fileRef = C9D74A0A2BBA42F80021F39F /* GTColorCollectionView.swift */; };
		C9D74A0D2BBA5E880021F39F /* GTStickerView.swift in Sources */ = {isa = PBXBuildFile; fileRef = C9D74A0C2BBA5E880021F39F /* GTStickerView.swift */; };
		C9D74A0F2BBA629B0021F39F /* GTStickerCollectionView.swift in Sources */ = {isa = PBXBuildFile; fileRef = C9D74A0E2BBA629B0021F39F /* GTStickerCollectionView.swift */; };
		C9D74A112BBA83A30021F39F /* TagModel.swift in Sources */ = {isa = PBXBuildFile; fileRef = C9D74A102BBA83A30021F39F /* TagModel.swift */; };
		C9D74A132BBA84000021F39F /* HotTagVC-UI.swift in Sources */ = {isa = PBXBuildFile; fileRef = C9D74A122BBA84000021F39F /* HotTagVC-UI.swift */; };
		C9D74A152BBA84140021F39F /* HotTagVC-Func.swift in Sources */ = {isa = PBXBuildFile; fileRef = C9D74A142BBA84140021F39F /* HotTagVC-Func.swift */; };
		C9D74A172BBA8D430021F39F /* GTHotTagCell.swift in Sources */ = {isa = PBXBuildFile; fileRef = C9D74A162BBA8D430021F39F /* GTHotTagCell.swift */; };
		C9D74A192BBA974E0021F39F /* HotTagDetailVC.swift in Sources */ = {isa = PBXBuildFile; fileRef = C9D74A182BBA974E0021F39F /* HotTagDetailVC.swift */; };
		C9D74A1B2BBA9C820021F39F /* GTHotTagCardView.swift in Sources */ = {isa = PBXBuildFile; fileRef = C9D74A1A2BBA9C820021F39F /* GTHotTagCardView.swift */; };
		C9D74A1D2BBAABEE0021F39F /* GTHoriDynamicCollectionView.swift in Sources */ = {isa = PBXBuildFile; fileRef = C9D74A1C2BBAABEE0021F39F /* GTHoriDynamicCollectionView.swift */; };
/* End PBXBuildFile section */

/* Begin PBXFileReference section */
		11C29E88053E8810766CFF4C /* Pods-GidTag.debug.xcconfig */ = {isa = PBXFileReference; includeInIndex = 1; lastKnownFileType = text.xcconfig; name = "Pods-GidTag.debug.xcconfig"; path = "Target Support Files/Pods-GidTag/Pods-GidTag.debug.xcconfig"; sourceTree = "<group>"; };
		747478A1896A7D47C32F47C8 /* Pods_GidTag.framework */ = {isa = PBXFileReference; explicitFileType = wrapper.framework; includeInIndex = 0; path = Pods_GidTag.framework; sourceTree = BUILT_PRODUCTS_DIR; };
		A6D9D758014B611DEE3CF41E /* Pods-GidTag.release.xcconfig */ = {isa = PBXFileReference; includeInIndex = 1; lastKnownFileType = text.xcconfig; name = "Pods-GidTag.release.xcconfig"; path = "Target Support Files/Pods-GidTag/Pods-GidTag.release.xcconfig"; sourceTree = "<group>"; };
		C96ED0E42BB40945000B8582 /* GidTag.app */ = {isa = PBXFileReference; explicitFileType = wrapper.application; includeInIndex = 0; path = GidTag.app; sourceTree = BUILT_PRODUCTS_DIR; };
		C96ED0E72BB40945000B8582 /* AppDelegate.swift */ = {isa = PBXFileReference; lastKnownFileType = sourcecode.swift; path = AppDelegate.swift; sourceTree = "<group>"; };
		C96ED0E92BB40945000B8582 /* SceneDelegate.swift */ = {isa = PBXFileReference; lastKnownFileType = sourcecode.swift; path = SceneDelegate.swift; sourceTree = "<group>"; };
		C96ED0EE2BB40945000B8582 /* Base */ = {isa = PBXFileReference; lastKnownFileType = file.storyboard; name = Base; path = Base.lproj/Main.storyboard; sourceTree = "<group>"; };
		C96ED0F02BB40946000B8582 /* Assets.xcassets */ = {isa = PBXFileReference; lastKnownFileType = folder.assetcatalog; path = Assets.xcassets; sourceTree = "<group>"; };
		C96ED0F32BB40946000B8582 /* Base */ = {isa = PBXFileReference; lastKnownFileType = file.storyboard; name = Base; path = Base.lproj/LaunchScreen.storyboard; sourceTree = "<group>"; };
		C96ED0F52BB40946000B8582 /* Info.plist */ = {isa = PBXFileReference; lastKnownFileType = text.plist.xml; path = Info.plist; sourceTree = "<group>"; };
		C96ED0FB2BB40A07000B8582 /* tag.json */ = {isa = PBXFileReference; fileEncoding = 4; lastKnownFileType = text.json; path = tag.json; sourceTree = "<group>"; };
		C96ED0FD2BB510EA000B8582 /* HomeVC.swift */ = {isa = PBXFileReference; lastKnownFileType = sourcecode.swift; path = HomeVC.swift; sourceTree = "<group>"; };
		C9D749E22BB539550021F39F /* StoreVC.swift */ = {isa = PBXFileReference; lastKnownFileType = sourcecode.swift; path = StoreVC.swift; sourceTree = "<group>"; };
		C9D749E42BB539660021F39F /* EditVC.swift */ = {isa = PBXFileReference; lastKnownFileType = sourcecode.swift; path = EditVC.swift; sourceTree = "<group>"; };
		C9D749E62BB539790021F39F /* HotTagVC.swift */ = {isa = PBXFileReference; lastKnownFileType = sourcecode.swift; path = HotTagVC.swift; sourceTree = "<group>"; };
		C9D749E82BB544F00021F39F /* GridModel.swift */ = {isa = PBXFileReference; lastKnownFileType = sourcecode.swift; path = GridModel.swift; sourceTree = "<group>"; };
		C9D749EA2BB5450C0021F39F /* Constant.swift */ = {isa = PBXFileReference; lastKnownFileType = sourcecode.swift; path = Constant.swift; sourceTree = "<group>"; };
		C9D749EC2BB556580021F39F /* EditVC-UI.swift */ = {isa = PBXFileReference; lastKnownFileType = sourcecode.swift; path = "EditVC-UI.swift"; sourceTree = "<group>"; };
		C9D749EE2BB562BC0021F39F /* GTGridCell.swift */ = {isa = PBXFileReference; lastKnownFileType = sourcecode.swift; path = GTGridCell.swift; sourceTree = "<group>"; };
		C9D749F02BB5647D0021F39F /* EditVC-Func.swift */ = {isa = PBXFileReference; lastKnownFileType = sourcecode.swift; path = "EditVC-Func.swift"; sourceTree = "<group>"; };
		C9D749F22BB564F30021F39F /* GTGridCollectionView.swift */ = {isa = PBXFileReference; lastKnownFileType = sourcecode.swift; path = GTGridCollectionView.swift; sourceTree = "<group>"; };
		C9D749F72BB64F210021F39F /* Ex+UIColor.swift */ = {isa = PBXFileReference; lastKnownFileType = sourcecode.swift; path = "Ex+UIColor.swift"; sourceTree = "<group>"; };
		C9D749F92BB659A40021F39F /* Ex+UIImageView.swift */ = {isa = PBXFileReference; lastKnownFileType = sourcecode.swift; path = "Ex+UIImageView.swift"; sourceTree = "<group>"; };
		C9D749FB2BB666180021F39F /* Ex+UIImage.swift */ = {isa = PBXFileReference; lastKnownFileType = sourcecode.swift; path = "Ex+UIImage.swift"; sourceTree = "<group>"; };
		C9D749FD2BB686CC0021F39F /* GTEditView.swift */ = {isa = PBXFileReference; lastKnownFileType = sourcecode.swift; path = GTEditView.swift; sourceTree = "<group>"; };
		C9D74A002BB6B43A0021F39F /* EditManager.swift */ = {isa = PBXFileReference; lastKnownFileType = sourcecode.swift; path = EditManager.swift; sourceTree = "<group>"; };
		C9D74A022BB6B9F40021F39F /* GTFilterView.swift */ = {isa = PBXFileReference; lastKnownFileType = sourcecode.swift; path = GTFilterView.swift; sourceTree = "<group>"; };
		C9D74A042BB6BC790021F39F /* GTSelectableCell.swift */ = {isa = PBXFileReference; lastKnownFileType = sourcecode.swift; path = GTSelectableCell.swift; sourceTree = "<group>"; };
		C9D74A062BBA41DC0021F39F /* GTTextView.swift */ = {isa = PBXFileReference; lastKnownFileType = sourcecode.swift; path = GTTextView.swift; sourceTree = "<group>"; };
		C9D74A082BBA42840021F39F /* GTFontCollectionView.swift */ = {isa = PBXFileReference; lastKnownFileType = sourcecode.swift; path = GTFontCollectionView.swift; sourceTree = "<group>"; };
		C9D74A0A2BBA42F80021F39F /* GTColorCollectionView.swift */ = {isa = PBXFileReference; lastKnownFileType = sourcecode.swift; path = GTColorCollectionView.swift; sourceTree = "<group>"; };
		C9D74A0C2BBA5E880021F39F /* GTStickerView.swift */ = {isa = PBXFileReference; lastKnownFileType = sourcecode.swift; path = GTStickerView.swift; sourceTree = "<group>"; };
		C9D74A0E2BBA629B0021F39F /* GTStickerCollectionView.swift */ = {isa = PBXFileReference; lastKnownFileType = sourcecode.swift; path = GTStickerCollectionView.swift; sourceTree = "<group>"; };
		C9D74A102BBA83A30021F39F /* TagModel.swift */ = {isa = PBXFileReference; lastKnownFileType = sourcecode.swift; path = TagModel.swift; sourceTree = "<group>"; };
		C9D74A122BBA84000021F39F /* HotTagVC-UI.swift */ = {isa = PBXFileReference; lastKnownFileType = sourcecode.swift; path = "HotTagVC-UI.swift"; sourceTree = "<group>"; };
		C9D74A142BBA84140021F39F /* HotTagVC-Func.swift */ = {isa = PBXFileReference; lastKnownFileType = sourcecode.swift; path = "HotTagVC-Func.swift"; sourceTree = "<group>"; };
		C9D74A162BBA8D430021F39F /* GTHotTagCell.swift */ = {isa = PBXFileReference; lastKnownFileType = sourcecode.swift; path = GTHotTagCell.swift; sourceTree = "<group>"; };
		C9D74A182BBA974E0021F39F /* HotTagDetailVC.swift */ = {isa = PBXFileReference; lastKnownFileType = sourcecode.swift; path = HotTagDetailVC.swift; sourceTree = "<group>"; };
		C9D74A1A2BBA9C820021F39F /* GTHotTagCardView.swift */ = {isa = PBXFileReference; lastKnownFileType = sourcecode.swift; path = GTHotTagCardView.swift; sourceTree = "<group>"; };
		C9D74A1C2BBAABEE0021F39F /* GTHoriDynamicCollectionView.swift */ = {isa = PBXFileReference; lastKnownFileType = sourcecode.swift; path = GTHoriDynamicCollectionView.swift; sourceTree = "<group>"; };
/* End PBXFileReference section */

/* Begin PBXFrameworksBuildPhase section */
		C96ED0E12BB40945000B8582 /* Frameworks */ = {
			isa = PBXFrameworksBuildPhase;
			buildActionMask = 2147483647;
			files = (
				55EC731E0EC93C268BD50344 /* Pods_GidTag.framework in Frameworks */,
			);
			runOnlyForDeploymentPostprocessing = 0;
		};
/* End PBXFrameworksBuildPhase section */

/* Begin PBXGroup section */
		0218D68A2B89C330FF3D0B0C /* Frameworks */ = {
			isa = PBXGroup;
			children = (
				747478A1896A7D47C32F47C8 /* Pods_GidTag.framework */,
			);
			name = Frameworks;
			sourceTree = "<group>";
		};
		0C0BDD63F094B573E5AE6584 /* Pods */ = {
			isa = PBXGroup;
			children = (
				11C29E88053E8810766CFF4C /* Pods-GidTag.debug.xcconfig */,
				A6D9D758014B611DEE3CF41E /* Pods-GidTag.release.xcconfig */,
			);
			path = Pods;
			sourceTree = "<group>";
		};
		C96ED0DB2BB40945000B8582 = {
			isa = PBXGroup;
			children = (
				C96ED0E62BB40945000B8582 /* GidTag */,
				C96ED0E52BB40945000B8582 /* Products */,
				0C0BDD63F094B573E5AE6584 /* Pods */,
				0218D68A2B89C330FF3D0B0C /* Frameworks */,
			);
			sourceTree = "<group>";
		};
		C96ED0E52BB40945000B8582 /* Products */ = {
			isa = PBXGroup;
			children = (
				C96ED0E42BB40945000B8582 /* GidTag.app */,
			);
			name = Products;
			sourceTree = "<group>";
		};
		C96ED0E62BB40945000B8582 /* GidTag */ = {
			isa = PBXGroup;
			children = (
				C9D749EA2BB5450C0021F39F /* Constant.swift */,
				C96ED0E72BB40945000B8582 /* AppDelegate.swift */,
				C96ED0E92BB40945000B8582 /* SceneDelegate.swift */,
				C96ED0ED2BB40945000B8582 /* Main.storyboard */,
				C96ED0F22BB40946000B8582 /* LaunchScreen.storyboard */,
				C9D749F52BB56F480021F39F /* Business */,
				C9D749F62BB56F570021F39F /* Module */,
				C9D749E82BB544F00021F39F /* GridModel.swift */,
				C9D74A102BBA83A30021F39F /* TagModel.swift */,
				C9D74A002BB6B43A0021F39F /* EditManager.swift */,
				C9D749F72BB64F210021F39F /* Ex+UIColor.swift */,
				C9D749FB2BB666180021F39F /* Ex+UIImage.swift */,
				C9D749F92BB659A40021F39F /* Ex+UIImageView.swift */,
				C96ED0F02BB40946000B8582 /* Assets.xcassets */,
				C96ED0FB2BB40A07000B8582 /* tag.json */,
				C96ED0F52BB40946000B8582 /* Info.plist */,
			);
			path = GidTag;
			sourceTree = "<group>";
		};
		C9D749F42BB56F3C0021F39F /* EditVC */ = {
			isa = PBXGroup;
			children = (
				C9D749E42BB539660021F39F /* EditVC.swift */,
				C9D749EC2BB556580021F39F /* EditVC-UI.swift */,
				C9D749F02BB5647D0021F39F /* EditVC-Func.swift */,
			);
			path = EditVC;
			sourceTree = "<group>";
		};
		C9D749F52BB56F480021F39F /* Business */ = {
			isa = PBXGroup;
			children = (
				C96ED0FD2BB510EA000B8582 /* HomeVC.swift */,
				C9D749E22BB539550021F39F /* StoreVC.swift */,
				C9D749F42BB56F3C0021F39F /* EditVC */,
				C9D749E62BB539790021F39F /* HotTagVC.swift */,
				C9D74A122BBA84000021F39F /* HotTagVC-UI.swift */,
				C9D74A142BBA84140021F39F /* HotTagVC-Func.swift */,
				C9D74A182BBA974E0021F39F /* HotTagDetailVC.swift */,
			);
			path = Business;
			sourceTree = "<group>";
		};
		C9D749F62BB56F570021F39F /* Module */ = {
			isa = PBXGroup;
			children = (
				C9D74A1A2BBA9C820021F39F /* GTHotTagCardView.swift */,
				C9D74A1C2BBAABEE0021F39F /* GTHoriDynamicCollectionView.swift */,
				C9D74A162BBA8D430021F39F /* GTHotTagCell.swift */,
				C9D749F22BB564F30021F39F /* GTGridCollectionView.swift */,
				C9D749EE2BB562BC0021F39F /* GTGridCell.swift */,
				C9D749FD2BB686CC0021F39F /* GTEditView.swift */,
				C9D74A0C2BBA5E880021F39F /* GTStickerView.swift */,
				C9D74A0E2BBA629B0021F39F /* GTStickerCollectionView.swift */,
				C9D74A022BB6B9F40021F39F /* GTFilterView.swift */,
				C9D74A062BBA41DC0021F39F /* GTTextView.swift */,
				C9D74A042BB6BC790021F39F /* GTSelectableCell.swift */,
				C9D74A082BBA42840021F39F /* GTFontCollectionView.swift */,
				C9D74A0A2BBA42F80021F39F /* GTColorCollectionView.swift */,
			);
			path = Module;
			sourceTree = "<group>";
		};
/* End PBXGroup section */

/* Begin PBXNativeTarget section */
		C96ED0E32BB40945000B8582 /* GidTag */ = {
			isa = PBXNativeTarget;
			buildConfigurationList = C96ED0F82BB40946000B8582 /* Build configuration list for PBXNativeTarget "GidTag" */;
			buildPhases = (
				E08F1DD27D50365BCEAD3DB2 /* [CP] Check Pods Manifest.lock */,
				C96ED0E02BB40945000B8582 /* Sources */,
				C96ED0E12BB40945000B8582 /* Frameworks */,
				C96ED0E22BB40945000B8582 /* Resources */,
				B6B830229397F38A59C2F536 /* [CP] Embed Pods Frameworks */,
			);
			buildRules = (
			);
			dependencies = (
			);
			name = GidTag;
			productName = GidTag;
			productReference = C96ED0E42BB40945000B8582 /* GidTag.app */;
			productType = "com.apple.product-type.application";
		};
/* End PBXNativeTarget section */

/* Begin PBXProject section */
		C96ED0DC2BB40945000B8582 /* Project object */ = {
			isa = PBXProject;
			attributes = {
				BuildIndependentTargetsInParallel = 1;
				LastSwiftUpdateCheck = 1500;
				LastUpgradeCheck = 1500;
				TargetAttributes = {
					C96ED0E32BB40945000B8582 = {
						CreatedOnToolsVersion = 15.0;
					};
				};
			};
			buildConfigurationList = C96ED0DF2BB40945000B8582 /* Build configuration list for PBXProject "GidTag" */;
			compatibilityVersion = "Xcode 14.0";
			developmentRegion = en;
			hasScannedForEncodings = 0;
			knownRegions = (
				en,
				Base,
			);
			mainGroup = C96ED0DB2BB40945000B8582;
			productRefGroup = C96ED0E52BB40945000B8582 /* Products */;
			projectDirPath = "";
			projectRoot = "";
			targets = (
				C96ED0E32BB40945000B8582 /* GidTag */,
			);
		};
/* End PBXProject section */

/* Begin PBXResourcesBuildPhase section */
		C96ED0E22BB40945000B8582 /* Resources */ = {
			isa = PBXResourcesBuildPhase;
			buildActionMask = 2147483647;
			files = (
				C96ED0F42BB40946000B8582 /* LaunchScreen.storyboard in Resources */,
				C96ED0F12BB40946000B8582 /* Assets.xcassets in Resources */,
				C96ED0EF2BB40945000B8582 /* Main.storyboard in Resources */,
				C96ED0FC2BB40A07000B8582 /* tag.json in Resources */,
			);
			runOnlyForDeploymentPostprocessing = 0;
		};
/* End PBXResourcesBuildPhase section */

/* Begin PBXShellScriptBuildPhase section */
		B6B830229397F38A59C2F536 /* [CP] Embed Pods Frameworks */ = {
			isa = PBXShellScriptBuildPhase;
			buildActionMask = 2147483647;
			files = (
			);
			inputFileListPaths = (
				"${PODS_ROOT}/Target Support Files/Pods-GidTag/Pods-GidTag-frameworks-${CONFIGURATION}-input-files.xcfilelist",
			);
			name = "[CP] Embed Pods Frameworks";
			outputFileListPaths = (
				"${PODS_ROOT}/Target Support Files/Pods-GidTag/Pods-GidTag-frameworks-${CONFIGURATION}-output-files.xcfilelist",
			);
			runOnlyForDeploymentPostprocessing = 0;
			shellPath = /bin/sh;
			shellScript = "\"${PODS_ROOT}/Target Support Files/Pods-GidTag/Pods-GidTag-frameworks.sh\"\n";
			showEnvVarsInLog = 0;
		};
		E08F1DD27D50365BCEAD3DB2 /* [CP] Check Pods Manifest.lock */ = {
			isa = PBXShellScriptBuildPhase;
			buildActionMask = 2147483647;
			files = (
			);
			inputFileListPaths = (
			);
			inputPaths = (
				"${PODS_PODFILE_DIR_PATH}/Podfile.lock",
				"${PODS_ROOT}/Manifest.lock",
			);
			name = "[CP] Check Pods Manifest.lock";
			outputFileListPaths = (
			);
			outputPaths = (
				"$(DERIVED_FILE_DIR)/Pods-GidTag-checkManifestLockResult.txt",
			);
			runOnlyForDeploymentPostprocessing = 0;
			shellPath = /bin/sh;
			shellScript = "diff \"${PODS_PODFILE_DIR_PATH}/Podfile.lock\" \"${PODS_ROOT}/Manifest.lock\" > /dev/null\nif [ $? != 0 ] ; then\n    # print error to STDERR\n    echo \"error: The sandbox is not in sync with the Podfile.lock. Run 'pod install' or update your CocoaPods installation.\" >&2\n    exit 1\nfi\n# This output is used by Xcode 'outputs' to avoid re-running this script phase.\necho \"SUCCESS\" > \"${SCRIPT_OUTPUT_FILE_0}\"\n";
			showEnvVarsInLog = 0;
		};
/* End PBXShellScriptBuildPhase section */

/* Begin PBXSourcesBuildPhase section */
		C96ED0E02BB40945000B8582 /* Sources */ = {
			isa = PBXSourcesBuildPhase;
			buildActionMask = 2147483647;
			files = (
				C9D749F12BB5647D0021F39F /* EditVC-Func.swift in Sources */,
				C9D749ED2BB556580021F39F /* EditVC-UI.swift in Sources */,
				C9D749EF2BB562BD0021F39F /* GTGridCell.swift in Sources */,
				C9D74A1D2BBAABEE0021F39F /* GTHoriDynamicCollectionView.swift in Sources */,
				C9D74A012BB6B43A0021F39F /* EditManager.swift in Sources */,
				C9D749E92BB544F00021F39F /* GridModel.swift in Sources */,
				C9D74A1B2BBA9C820021F39F /* GTHotTagCardView.swift in Sources */,
				C9D749EB2BB5450C0021F39F /* Constant.swift in Sources */,
				C9D74A0D2BBA5E880021F39F /* GTStickerView.swift in Sources */,
				C96ED0FE2BB510EA000B8582 /* HomeVC.swift in Sources */,
				C96ED0E82BB40945000B8582 /* AppDelegate.swift in Sources */,
				C9D749FE2BB686CC0021F39F /* GTEditView.swift in Sources */,
				C9D749F82BB64F210021F39F /* Ex+UIColor.swift in Sources */,
				C96ED0EA2BB40945000B8582 /* SceneDelegate.swift in Sources */,
				C9D74A032BB6B9F40021F39F /* GTFilterView.swift in Sources */,
				C9D749FC2BB666180021F39F /* Ex+UIImage.swift in Sources */,
				C9D749FA2BB659A40021F39F /* Ex+UIImageView.swift in Sources */,
				C9D74A172BBA8D430021F39F /* GTHotTagCell.swift in Sources */,
				C9D74A092BBA42840021F39F /* GTFontCollectionView.swift in Sources */,
				C9D74A0B2BBA42F80021F39F /* GTColorCollectionView.swift in Sources */,
				C9D74A072BBA41DC0021F39F /* GTTextView.swift in Sources */,
				C9D749E52BB539660021F39F /* EditVC.swift in Sources */,
				C9D749F32BB564F30021F39F /* GTGridCollectionView.swift in Sources */,
				C9D74A152BBA84140021F39F /* HotTagVC-Func.swift in Sources */,
				C9D74A192BBA974E0021F39F /* HotTagDetailVC.swift in Sources */,
				C9D74A132BBA84000021F39F /* HotTagVC-UI.swift in Sources */,
				C9D749E32BB539550021F39F /* StoreVC.swift in Sources */,
				C9D74A052BB6BC790021F39F /* GTSelectableCell.swift in Sources */,
				C9D74A112BBA83A30021F39F /* TagModel.swift in Sources */,
				C9D749E72BB539790021F39F /* HotTagVC.swift in Sources */,
				C9D74A0F2BBA629B0021F39F /* GTStickerCollectionView.swift in Sources */,
			);
			runOnlyForDeploymentPostprocessing = 0;
		};
/* End PBXSourcesBuildPhase section */

/* Begin PBXVariantGroup section */
		C96ED0ED2BB40945000B8582 /* Main.storyboard */ = {
			isa = PBXVariantGroup;
			children = (
				C96ED0EE2BB40945000B8582 /* Base */,
			);
			name = Main.storyboard;
			sourceTree = "<group>";
		};
		C96ED0F22BB40946000B8582 /* LaunchScreen.storyboard */ = {
			isa = PBXVariantGroup;
			children = (
				C96ED0F32BB40946000B8582 /* Base */,
			);
			name = LaunchScreen.storyboard;
			sourceTree = "<group>";
		};
/* End PBXVariantGroup section */

/* Begin XCBuildConfiguration section */
		C96ED0F62BB40946000B8582 /* Debug */ = {
			isa = XCBuildConfiguration;
			buildSettings = {
				ALWAYS_SEARCH_USER_PATHS = NO;
				ASSETCATALOG_COMPILER_GENERATE_SWIFT_ASSET_SYMBOL_EXTENSIONS = YES;
				CLANG_ANALYZER_NONNULL = YES;
				CLANG_ANALYZER_NUMBER_OBJECT_CONVERSION = YES_AGGRESSIVE;
				CLANG_CXX_LANGUAGE_STANDARD = "gnu++20";
				CLANG_ENABLE_MODULES = YES;
				CLANG_ENABLE_OBJC_ARC = YES;
				CLANG_ENABLE_OBJC_WEAK = YES;
				CLANG_WARN_BLOCK_CAPTURE_AUTORELEASING = YES;
				CLANG_WARN_BOOL_CONVERSION = YES;
				CLANG_WARN_COMMA = YES;
				CLANG_WARN_CONSTANT_CONVERSION = YES;
				CLANG_WARN_DEPRECATED_OBJC_IMPLEMENTATIONS = YES;
				CLANG_WARN_DIRECT_OBJC_ISA_USAGE = YES_ERROR;
				CLANG_WARN_DOCUMENTATION_COMMENTS = YES;
				CLANG_WARN_EMPTY_BODY = YES;
				CLANG_WARN_ENUM_CONVERSION = YES;
				CLANG_WARN_INFINITE_RECURSION = YES;
				CLANG_WARN_INT_CONVERSION = YES;
				CLANG_WARN_NON_LITERAL_NULL_CONVERSION = YES;
				CLANG_WARN_OBJC_IMPLICIT_RETAIN_SELF = YES;
				CLANG_WARN_OBJC_LITERAL_CONVERSION = YES;
				CLANG_WARN_OBJC_ROOT_CLASS = YES_ERROR;
				CLANG_WARN_QUOTED_INCLUDE_IN_FRAMEWORK_HEADER = YES;
				CLANG_WARN_RANGE_LOOP_ANALYSIS = YES;
				CLANG_WARN_STRICT_PROTOTYPES = YES;
				CLANG_WARN_SUSPICIOUS_MOVE = YES;
				CLANG_WARN_UNGUARDED_AVAILABILITY = YES_AGGRESSIVE;
				CLANG_WARN_UNREACHABLE_CODE = YES;
				CLANG_WARN__DUPLICATE_METHOD_MATCH = YES;
				COPY_PHASE_STRIP = NO;
				DEBUG_INFORMATION_FORMAT = dwarf;
				ENABLE_STRICT_OBJC_MSGSEND = YES;
				ENABLE_TESTABILITY = YES;
				ENABLE_USER_SCRIPT_SANDBOXING = YES;
				GCC_C_LANGUAGE_STANDARD = gnu17;
				GCC_DYNAMIC_NO_PIC = NO;
				GCC_NO_COMMON_BLOCKS = YES;
				GCC_OPTIMIZATION_LEVEL = 0;
				GCC_PREPROCESSOR_DEFINITIONS = (
					"DEBUG=1",
					"$(inherited)",
				);
				GCC_WARN_64_TO_32_BIT_CONVERSION = YES;
				GCC_WARN_ABOUT_RETURN_TYPE = YES_ERROR;
				GCC_WARN_UNDECLARED_SELECTOR = YES;
				GCC_WARN_UNINITIALIZED_AUTOS = YES_AGGRESSIVE;
				GCC_WARN_UNUSED_FUNCTION = YES;
				GCC_WARN_UNUSED_VARIABLE = YES;
				IPHONEOS_DEPLOYMENT_TARGET = 17.0;
				LOCALIZATION_PREFERS_STRING_CATALOGS = YES;
				MTL_ENABLE_DEBUG_INFO = INCLUDE_SOURCE;
				MTL_FAST_MATH = YES;
				ONLY_ACTIVE_ARCH = YES;
				SDKROOT = iphoneos;
				SWIFT_ACTIVE_COMPILATION_CONDITIONS = "DEBUG $(inherited)";
				SWIFT_OPTIMIZATION_LEVEL = "-Onone";
			};
			name = Debug;
		};
		C96ED0F72BB40946000B8582 /* Release */ = {
			isa = XCBuildConfiguration;
			buildSettings = {
				ALWAYS_SEARCH_USER_PATHS = NO;
				ASSETCATALOG_COMPILER_GENERATE_SWIFT_ASSET_SYMBOL_EXTENSIONS = YES;
				CLANG_ANALYZER_NONNULL = YES;
				CLANG_ANALYZER_NUMBER_OBJECT_CONVERSION = YES_AGGRESSIVE;
				CLANG_CXX_LANGUAGE_STANDARD = "gnu++20";
				CLANG_ENABLE_MODULES = YES;
				CLANG_ENABLE_OBJC_ARC = YES;
				CLANG_ENABLE_OBJC_WEAK = YES;
				CLANG_WARN_BLOCK_CAPTURE_AUTORELEASING = YES;
				CLANG_WARN_BOOL_CONVERSION = YES;
				CLANG_WARN_COMMA = YES;
				CLANG_WARN_CONSTANT_CONVERSION = YES;
				CLANG_WARN_DEPRECATED_OBJC_IMPLEMENTATIONS = YES;
				CLANG_WARN_DIRECT_OBJC_ISA_USAGE = YES_ERROR;
				CLANG_WARN_DOCUMENTATION_COMMENTS = YES;
				CLANG_WARN_EMPTY_BODY = YES;
				CLANG_WARN_ENUM_CONVERSION = YES;
				CLANG_WARN_INFINITE_RECURSION = YES;
				CLANG_WARN_INT_CONVERSION = YES;
				CLANG_WARN_NON_LITERAL_NULL_CONVERSION = YES;
				CLANG_WARN_OBJC_IMPLICIT_RETAIN_SELF = YES;
				CLANG_WARN_OBJC_LITERAL_CONVERSION = YES;
				CLANG_WARN_OBJC_ROOT_CLASS = YES_ERROR;
				CLANG_WARN_QUOTED_INCLUDE_IN_FRAMEWORK_HEADER = YES;
				CLANG_WARN_RANGE_LOOP_ANALYSIS = YES;
				CLANG_WARN_STRICT_PROTOTYPES = YES;
				CLANG_WARN_SUSPICIOUS_MOVE = YES;
				CLANG_WARN_UNGUARDED_AVAILABILITY = YES_AGGRESSIVE;
				CLANG_WARN_UNREACHABLE_CODE = YES;
				CLANG_WARN__DUPLICATE_METHOD_MATCH = YES;
				COPY_PHASE_STRIP = NO;
				DEBUG_INFORMATION_FORMAT = "dwarf-with-dsym";
				ENABLE_NS_ASSERTIONS = NO;
				ENABLE_STRICT_OBJC_MSGSEND = YES;
				ENABLE_USER_SCRIPT_SANDBOXING = YES;
				GCC_C_LANGUAGE_STANDARD = gnu17;
				GCC_NO_COMMON_BLOCKS = YES;
				GCC_WARN_64_TO_32_BIT_CONVERSION = YES;
				GCC_WARN_ABOUT_RETURN_TYPE = YES_ERROR;
				GCC_WARN_UNDECLARED_SELECTOR = YES;
				GCC_WARN_UNINITIALIZED_AUTOS = YES_AGGRESSIVE;
				GCC_WARN_UNUSED_FUNCTION = YES;
				GCC_WARN_UNUSED_VARIABLE = YES;
				IPHONEOS_DEPLOYMENT_TARGET = 17.0;
				LOCALIZATION_PREFERS_STRING_CATALOGS = YES;
				MTL_ENABLE_DEBUG_INFO = NO;
				MTL_FAST_MATH = YES;
				SDKROOT = iphoneos;
				SWIFT_COMPILATION_MODE = wholemodule;
				VALIDATE_PRODUCT = YES;
			};
			name = Release;
		};
		C96ED0F92BB40946000B8582 /* Debug */ = {
			isa = XCBuildConfiguration;
			baseConfigurationReference = 11C29E88053E8810766CFF4C /* Pods-GidTag.debug.xcconfig */;
			buildSettings = {
				ASSETCATALOG_COMPILER_APPICON_NAME = AppIcon;
				ASSETCATALOG_COMPILER_GLOBAL_ACCENT_COLOR_NAME = AccentColor;
				"CODE_SIGN_IDENTITY[sdk=iphoneos*]" = "iPhone Developer";
				CODE_SIGN_STYLE = Manual;
				CURRENT_PROJECT_VERSION = 1;
				DEVELOPMENT_TEAM = "";
				"DEVELOPMENT_TEAM[sdk=iphoneos*]" = T58WU9JJ3S;
				ENABLE_USER_SCRIPT_SANDBOXING = NO;
				GENERATE_INFOPLIST_FILE = YES;
				INFOPLIST_FILE = GidTag/Info.plist;
				INFOPLIST_KEY_NSPhotoLibraryAddUsageDescription = "This app needs to add  picture for edit";
				INFOPLIST_KEY_NSPhotoLibraryUsageDescription = "This app needs to store the pictures";
				INFOPLIST_KEY_UIApplicationSupportsIndirectInputEvents = YES;
				INFOPLIST_KEY_UILaunchStoryboardName = LaunchScreen;
				INFOPLIST_KEY_UIMainStoryboardFile = Main;
				INFOPLIST_KEY_UISupportedInterfaceOrientations = UIInterfaceOrientationPortrait;
				INFOPLIST_KEY_UISupportedInterfaceOrientations_iPad = "UIInterfaceOrientationLandscapeLeft UIInterfaceOrientationLandscapeRight UIInterfaceOrientationPortrait UIInterfaceOrientationPortraitUpsideDown";
				IPHONEOS_DEPLOYMENT_TARGET = 13.0;
				LD_RUNPATH_SEARCH_PATHS = (
					"$(inherited)",
					"@executable_path/Frameworks",
				);
				MARKETING_VERSION = 1.0;
				PRODUCT_BUNDLE_IDENTIFIER = com.addtatto.nicely;
				PRODUCT_NAME = "$(TARGET_NAME)";
				PROVISIONING_PROFILE_SPECIFIER = "";
				"PROVISIONING_PROFILE_SPECIFIER[sdk=iphoneos*]" = "add-testpro";
				SWIFT_EMIT_LOC_STRINGS = YES;
				SWIFT_VERSION = 5.0;
				TARGETED_DEVICE_FAMILY = 1;
			};
			name = Debug;
		};
		C96ED0FA2BB40946000B8582 /* Release */ = {
			isa = XCBuildConfiguration;
			baseConfigurationReference = A6D9D758014B611DEE3CF41E /* Pods-GidTag.release.xcconfig */;
			buildSettings = {
				ASSETCATALOG_COMPILER_APPICON_NAME = AppIcon;
				ASSETCATALOG_COMPILER_GLOBAL_ACCENT_COLOR_NAME = AccentColor;
				"CODE_SIGN_IDENTITY[sdk=iphoneos*]" = "iPhone Developer";
				CODE_SIGN_STYLE = Manual;
				CURRENT_PROJECT_VERSION = 1;
				DEVELOPMENT_TEAM = "";
				"DEVELOPMENT_TEAM[sdk=iphoneos*]" = T58WU9JJ3S;
				ENABLE_USER_SCRIPT_SANDBOXING = NO;
				GENERATE_INFOPLIST_FILE = YES;
				INFOPLIST_FILE = GidTag/Info.plist;
				INFOPLIST_KEY_NSPhotoLibraryAddUsageDescription = "This app needs to add  picture for edit";
				INFOPLIST_KEY_NSPhotoLibraryUsageDescription = "This app needs to store the pictures";
				INFOPLIST_KEY_UIApplicationSupportsIndirectInputEvents = YES;
				INFOPLIST_KEY_UILaunchStoryboardName = LaunchScreen;
				INFOPLIST_KEY_UIMainStoryboardFile = Main;
				INFOPLIST_KEY_UISupportedInterfaceOrientations = UIInterfaceOrientationPortrait;
				INFOPLIST_KEY_UISupportedInterfaceOrientations_iPad = "UIInterfaceOrientationLandscapeLeft UIInterfaceOrientationLandscapeRight UIInterfaceOrientationPortrait UIInterfaceOrientationPortraitUpsideDown";
				IPHONEOS_DEPLOYMENT_TARGET = 13.0;
				LD_RUNPATH_SEARCH_PATHS = (
					"$(inherited)",
					"@executable_path/Frameworks",
				);
				MARKETING_VERSION = 1.0;
				PRODUCT_BUNDLE_IDENTIFIER = com.addtatto.nicely;
				PRODUCT_NAME = "$(TARGET_NAME)";
				PROVISIONING_PROFILE_SPECIFIER = "";
				"PROVISIONING_PROFILE_SPECIFIER[sdk=iphoneos*]" = "add-testpro";
				SWIFT_EMIT_LOC_STRINGS = YES;
				SWIFT_VERSION = 5.0;
				TARGETED_DEVICE_FAMILY = 1;
			};
			name = Release;
		};
/* End XCBuildConfiguration section */

/* Begin XCConfigurationList section */
		C96ED0DF2BB40945000B8582 /* Build configuration list for PBXProject "GidTag" */ = {
			isa = XCConfigurationList;
			buildConfigurations = (
				C96ED0F62BB40946000B8582 /* Debug */,
				C96ED0F72BB40946000B8582 /* Release */,
			);
			defaultConfigurationIsVisible = 0;
			defaultConfigurationName = Release;
		};
		C96ED0F82BB40946000B8582 /* Build configuration list for PBXNativeTarget "GidTag" */ = {
			isa = XCConfigurationList;
			buildConfigurations = (
				C96ED0F92BB40946000B8582 /* Debug */,
				C96ED0FA2BB40946000B8582 /* Release */,
			);
			defaultConfigurationIsVisible = 0;
			defaultConfigurationName = Release;
		};
/* End XCConfigurationList section */
	};
	rootObject = C96ED0DC2BB40945000B8582 /* Project object */;
}
